
Microsoft Visual Studio Solution File, Format Version 12.00
Project("{FAE04EC0-301F-11D3-BF4B-00C04F79EFBC}") = "BemIt", "BemIt\BemIt.csproj", "{DD0FDF41-698B-464E-829E-13F0AD00809E}"
EndProject
Project("{FAE04EC0-301F-11D3-BF4B-00C04F79EFBC}") = "BemIt.Tests", "BemIt.Tests\BemIt.Tests.csproj", "{F686E4F1-1AA0-4473-B7FB-F3654B7377E1}"
EndProject
Global
	GlobalSection(SolutionConfigurationPlatforms) = preSolution
		Debug|Any CPU = Debug|Any CPU
		Release|Any CPU = Release|Any CPU
	EndGlobalSection
	GlobalSection(ProjectConfigurationPlatforms) = postSolution
		{DD0FDF41-698B-464E-829E-13F0AD00809E}.Debug|Any CPU.ActiveCfg = Debug|Any CPU
		{DD0FDF41-698B-464E-829E-13F0AD00809E}.Debug|Any CPU.Build.0 = Debug|Any CPU
		{DD0FDF41-698B-464E-829E-13F0AD00809E}.Release|Any CPU.ActiveCfg = Release|Any CPU
		{DD0FDF41-698B-464E-829E-13F0AD00809E}.Release|Any CPU.Build.0 = Release|Any CPU
		{F686E4F1-1AA0-4473-B7FB-F3654B7377E1}.Debug|Any CPU.ActiveCfg = Debug|Any CPU
		{F686E4F1-1AA0-4473-B7FB-F3654B7377E1}.Debug|Any CPU.Build.0 = Debug|Any CPU
		{F686E4F1-1AA0-4473-B7FB-F3654B7377E1}.Release|Any CPU.ActiveCfg = Release|Any CPU
		{F686E4F1-1AA0-4473-B7FB-F3654B7377E1}.Release|Any CPU.Build.0 = Release|Any CPU
	EndGlobalSection
EndGlobal
