
Microsoft Visual Studio Solution File, Format Version 12.00
# Visual Studio Version 17
VisualStudioVersion = 17.9.34310.174
MinimumVisualStudioVersion = 10.0.40219.1
Project("{9A19103F-16F7-4668-BE54-9A1E7A4F7556}") = "BemIt", "BemIt\BemIt.csproj", "{DD0FDF41-698B-464E-829E-13F0AD00809E}"
EndProject
Project("{9A19103F-16F7-4668-BE54-9A1E7A4F7556}") = "BemIt.Tests", "BemIt.Tests\BemIt.Tests.csproj", "{F686E4F1-1AA0-4473-B7FB-F3654B7377E1}"
EndProject
Project("{FAE04EC0-301F-11D3-BF4B-00C04F79EFBC}") = "BemIt.Extensions", "BemIt.Extensions\BemIt.Extensions.csproj", "{558CE6CE-EA29-4FD6-AA4B-A27C2500F3AB}"
EndProject
Global
	GlobalSection(SolutionConfigurationPlatforms) = preSolution
		Debug|Any CPU = Debug|Any CPU
		Release|Any CPU = Release|Any CPU
	EndGlobalSection
	GlobalSection(ProjectConfigurationPlatforms) = postSolution
		{DD0FDF41-698B-464E-829E-13F0AD00809E}.Debug|Any CPU.ActiveCfg = Debug|Any CPU
		{DD0FDF41-698B-464E-829E-13F0AD00809E}.Debug|Any CPU.Build.0 = Debug|Any CPU
		{DD0FDF41-698B-464E-829E-13F0AD00809E}.Release|Any CPU.ActiveCfg = Release|Any CPU
		{DD0FDF41-698B-464E-829E-13F0AD00809E}.Release|Any CPU.Build.0 = Release|Any CPU
		{F686E4F1-1AA0-4473-B7FB-F3654B7377E1}.Debug|Any CPU.ActiveCfg = Debug|Any CPU
		{F686E4F1-1AA0-4473-B7FB-F3654B7377E1}.Debug|Any CPU.Build.0 = Debug|Any CPU
		{F686E4F1-1AA0-4473-B7FB-F3654B7377E1}.Release|Any CPU.ActiveCfg = Release|Any CPU
		{F686E4F1-1AA0-4473-B7FB-F3654B7377E1}.Release|Any CPU.Build.0 = Release|Any CPU
		{558CE6CE-EA29-4FD6-AA4B-A27C2500F3AB}.Debug|Any CPU.ActiveCfg = Debug|Any CPU
		{558CE6CE-EA29-4FD6-AA4B-A27C2500F3AB}.Debug|Any CPU.Build.0 = Debug|Any CPU
		{558CE6CE-EA29-4FD6-AA4B-A27C2500F3AB}.Release|Any CPU.ActiveCfg = Release|Any CPU
		{558CE6CE-EA29-4FD6-AA4B-A27C2500F3AB}.Release|Any CPU.Build.0 = Release|Any CPU
	EndGlobalSection
	GlobalSection(SolutionProperties) = preSolution
		HideSolutionNode = FALSE
	EndGlobalSection
	GlobalSection(ExtensibilityGlobals) = postSolution
		SolutionGuid = {0D42B177-36B3-4337-856C-0C54B0B452E0}
	EndGlobalSection
EndGlobal
